
Microsoft Visual Studio Solution File, Format Version 12.00
# Visual Studio 15
VisualStudioVersion = 15.0.28307.168
MinimumVisualStudioVersion = 10.0.40219.1
Project("{FAE04EC0-301F-11D3-BF4B-00C04F79EFBC}") = "c0727119-2019WCSD3354WEEK05", "c0727119-2019WCSD3354WEEK05\c0727119-2019WCSD3354WEEK05.csproj", "{72804D65-DB03-45BC-92A6-E26F490E22F1}"
EndProject
Global
	GlobalSection(SolutionConfigurationPlatforms) = preSolution
		Debug|Any CPU = Debug|Any CPU
		Release|Any CPU = Release|Any CPU
	EndGlobalSection
	GlobalSection(ProjectConfigurationPlatforms) = postSolution
		{72804D65-DB03-45BC-92A6-E26F490E22F1}.Debug|Any CPU.ActiveCfg = Debug|Any CPU
		{72804D65-DB03-45BC-92A6-E26F490E22F1}.Debug|Any CPU.Build.0 = Debug|Any CPU
		{72804D65-DB03-45BC-92A6-E26F490E22F1}.Release|Any CPU.ActiveCfg = Release|Any CPU
		{72804D65-DB03-45BC-92A6-E26F490E22F1}.Release|Any CPU.Build.0 = Release|Any CPU
	EndGlobalSection
	GlobalSection(SolutionProperties) = preSolution
		HideSolutionNode = FALSE
	EndGlobalSection
	GlobalSection(ExtensibilityGlobals) = postSolution
		SolutionGuid = {D027424A-AFAA-4B18-8658-1EAC449D8B69}
	EndGlobalSection
EndGlobal
